<?xml version="1.0" encoding="utf-8"?>
<Project ToolsVersion="4.0" xmlns="http://schemas.microsoft.com/developer/msbuild/2003">
  <ItemGroup>
    <Filter Include="Source Files">
      <UniqueIdentifier>{4FC737F1-C7A5-4376-A066-2A32D752A2FF}</UniqueIdentifier>
      <Extensions>cpp;c;cc;cxx;def;odl;idl;hpj;bat;asm;asmx</Extensions>
    </Filter>
    <Filter Include="Header Files">
      <UniqueIdentifier>{93995380-89BD-4b04-88EB-625FBE52EBFB}</UniqueIdentifier>
      <Extensions>h;hh;hpp;hxx;hm;inl;inc;xsd</Extensions>
    </Filter>
    <Filter Include="Resource Files">
      <UniqueIdentifier>{67DA6AB6-F800-4c08-8B7A-83BB121AAD01}</UniqueIdentifier>
      <Extensions>rc;ico;cur;bmp;dlg;rc2;rct;bin;rgs;gif;jpg;jpeg;jpe;resx;tiff;tif;png;wav;mfcribbon-ms</Extensions>
    </Filter>
  </ItemGroup>
  <ItemGroup>
    <ClInclude Include="..\src\AegisBot.h">
      <Filter>Source Files</Filter>
    </ClInclude>
    <ClInclude Include="..\src\AegisModule.h">
      <Filter>Source Files</Filter>
    </ClInclude>
    <ClInclude Include="..\src\AegisOfficial.h">
      <Filter>Source Files</Filter>
    </ClInclude>
    <ClInclude Include="..\src\AuctionBot.h">
      <Filter>Source Files</Filter>
    </ClInclude>
    <ClInclude Include="..\src\Channel.h">
      <Filter>Source Files</Filter>
    </ClInclude>
    <ClInclude Include="..\src\ExampleBot.h">
      <Filter>Source Files</Filter>
    </ClInclude>
    <ClInclude Include="..\src\Guild.h">
      <Filter>Source Files</Filter>
    </ClInclude>
    <ClInclude Include="..\src\Member.h">
      <Filter>Source Files</Filter>
    </ClInclude>
    <ClInclude Include="..\src\Permission.h">
      <Filter>Source Files</Filter>
    </ClInclude>
    <ClInclude Include="..\src\RateLimits.h">
      <Filter>Source Files</Filter>
    </ClInclude>
    <ClInclude Include="..\src\Role.h">
      <Filter>Source Files</Filter>
    </ClInclude>
    <ClInclude Include="..\src\ABCache.h">
      <Filter>Source Files</Filter>
    </ClInclude>
    <ClInclude Include="..\src\ABMemoryCache.h">
      <Filter>Source Files</Filter>
    </ClInclude>
    <ClInclude Include="..\src\ABRedisCache.h">
      <Filter>Source Files</Filter>
    </ClInclude>
    <ClInclude Include="..\src\AegisAdmin.h">
      <Filter>Source Files</Filter>
    </ClInclude>
  </ItemGroup>
  <ItemGroup>
    <ClCompile Include="..\src\AegisOfficial.cpp">
      <Filter>Source Files</Filter>
    </ClCompile>
    <ClCompile Include="..\src\AuctionBot.cpp">
      <Filter>Source Files</Filter>
    </ClCompile>
    <ClCompile Include="..\src\Channel.cpp">
      <Filter>Source Files</Filter>
    </ClCompile>
    <ClCompile Include="..\src\ExampleBot.cpp">
      <Filter>Source Files</Filter>
    </ClCompile>
    <ClCompile Include="..\src\Guild.cpp">
      <Filter>Source Files</Filter>
    </ClCompile>
    <ClCompile Include="..\src\main.cpp">
      <Filter>Source Files</Filter>
    </ClCompile>
    <ClCompile Include="..\src\Member.cpp">
      <Filter>Source Files</Filter>
    </ClCompile>
    <ClCompile Include="..\src\ABMemoryCache.cpp">
      <Filter>Source Files</Filter>
    </ClCompile>
    <ClCompile Include="..\src\ABRedisCache.cpp">
      <Filter>Source Files</Filter>
    </ClCompile>
    <ClCompile Include="..\src\AegisAdmin.cpp">
      <Filter>Source Files</Filter>
    </ClCompile>
    <ClCompile Include="..\src\AegisBot.cpp">
      <Filter>Source Files</Filter>
    </ClCompile>
  </ItemGroup>
</Project>